
Microsoft Visual Studio Solution File, Format Version 12.00
# Visual Studio Version 17
VisualStudioVersion = 17.11.35327.3
MinimumVisualStudioVersion = 10.0.40219.1
Project("{FAE04EC0-301F-11D3-BF4B-00C04F79EFBC}") = "DynamicDataDisplay1", "DynamicDataDisplay1\DynamicDataDisplay1.csproj", "{6C34884F-0222-4CA6-A879-FD6B9551DC76}"
EndProject
Global
	GlobalSection(SolutionConfigurationPlatforms) = preSolution
		Debug|Any CPU = Debug|Any CPU
		Release|Any CPU = Release|Any CPU
	EndGlobalSection
	GlobalSection(ProjectConfigurationPlatforms) = postSolution
		{6C34884F-0222-4CA6-A879-FD6B9551DC76}.Debug|Any CPU.ActiveCfg = Debug|Any CPU
		{6C34884F-0222-4CA6-A879-FD6B9551DC76}.Debug|Any CPU.Build.0 = Debug|Any CPU
		{6C34884F-0222-4CA6-A879-FD6B9551DC76}.Release|Any CPU.ActiveCfg = Release|Any CPU
		{6C34884F-0222-4CA6-A879-FD6B9551DC76}.Release|Any CPU.Build.0 = Release|Any CPU
	EndGlobalSection
	GlobalSection(SolutionProperties) = preSolution
		HideSolutionNode = FALSE
	EndGlobalSection
	GlobalSection(ExtensibilityGlobals) = postSolution
		SolutionGuid = {4AC453FC-523E-44C7-B414-52F11A8F855E}
	EndGlobalSection
EndGlobal
